<?xml version="1.0" encoding="utf-8"?>
<Project ToolsVersion="4.0" xmlns="http://schemas.microsoft.com/developer/msbuild/2003">
  <ItemGroup>
    <Filter Include="Resource Files">
      <UniqueIdentifier>{67DA6AB6-F800-4c08-8B7A-83BB121AAD01}</UniqueIdentifier>
      <Extensions>rc;ico;cur;bmp;dlg;rc2;rct;bin;rgs;gif;jpg;jpeg;jpe;resx;tiff;tif;png;wav</Extensions>
    </Filter>
    <Filter Include="src">
      <UniqueIdentifier>{6640cf5f-5a3c-442b-abeb-80769fdc9daf}</UniqueIdentifier>
    </Filter>
    <Filter Include="imgui">
      <UniqueIdentifier>{afc90d60-1f46-47c8-83a8-ac71b6a76695}</UniqueIdentifier>
    </Filter>
    <Filter Include="src\platform_windows">
      <UniqueIdentifier>{31984dec-9cca-47d7-8182-d05e531d6911}</UniqueIdentifier>
    </Filter>
  </ItemGroup>
  <ItemGroup>
    <ClCompile Include="lib\imgui\imgui.cpp">
      <Filter>imgui</Filter>
    </ClCompile>
    <ClCompile Include="lib\imgui\imgui_demo.cpp">
      <Filter>imgui</Filter>
    </ClCompile>
    <ClCompile Include="lib\imgui\imgui_draw.cpp">
      <Filter>imgui</Filter>
    </ClCompile>
    <ClCompile Include="lib\imgui\imgui_widgets.cpp">
      <Filter>imgui</Filter>
    </ClCompile>
    <ClCompile Include="lib\imgui\examples\imgui_impl_opengl3.cpp">
      <Filter>imgui</Filter>
    </ClCompile>
    <ClCompile Include="lib\imgui\examples\imgui_impl_win32.cpp">
      <Filter>imgui</Filter>
    </ClCompile>
    <ClCompile Include="src\algorithms.cpp">
      <Filter>src</Filter>
    </ClCompile>
    <ClCompile Include="src\data_structures.cpp">
      <Filter>src</Filter>
    </ClCompile>
    <ClCompile Include="src\game.cpp">
      <Filter>src</Filter>
    </ClCompile>
    <ClCompile Include="src\game_console.cpp">
      <Filter>src</Filter>
    </ClCompile>
    <ClCompile Include="src\game_math.cpp">
      <Filter>src</Filter>
    </ClCompile>
    <ClCompile Include="src\levels.cpp">
      <Filter>src</Filter>
    </ClCompile>
    <ClCompile Include="src\logging.cpp">
      <Filter>src</Filter>
    </ClCompile>
    <ClCompile Include="src\serialization.cpp">
      <Filter>src</Filter>
    </ClCompile>
    <ClCompile Include="src\platform_windows\graphics.cpp">
      <Filter>src\platform_windows</Filter>
    </ClCompile>
    <ClCompile Include="src\platform_windows\main.cpp">
      <Filter>src\platform_windows</Filter>
    </ClCompile>
    <ClCompile Include="src\platform_windows\network.cpp">
      <Filter>src\platform_windows</Filter>
    </ClCompile>
    <ClCompile Include="src\platform_windows\platform.cpp">
      <Filter>src\platform_windows</Filter>
    </ClCompile>
    <ClCompile Include="src\platform_windows\shader.cpp">
      <Filter>src\platform_windows</Filter>
    </ClCompile>
  </ItemGroup>
  <ItemGroup>
    <ClInclude Include="src\algorithms.h">
      <Filter>src</Filter>
    </ClInclude>
    <ClInclude Include="src\data_structures.h">
      <Filter>src</Filter>
    </ClInclude>
    <ClInclude Include="src\game.h">
      <Filter>src</Filter>
    </ClInclude>
    <ClInclude Include="src\game_console.h">
      <Filter>src</Filter>
    </ClInclude>
    <ClInclude Include="src\game_math.h">
      <Filter>src</Filter>
    </ClInclude>
    <ClInclude Include="src\graphics.h">
      <Filter>src</Filter>
    </ClInclude>
    <ClInclude Include="src\levels.h">
      <Filter>src</Filter>
    </ClInclude>
    <ClInclude Include="src\logging.h">
      <Filter>src</Filter>
    </ClInclude>
    <ClInclude Include="src\network.h">
      <Filter>src</Filter>
    </ClInclude>
    <ClInclude Include="src\platform.h">
      <Filter>src</Filter>
    </ClInclude>
    <ClInclude Include="src\serialization.h">
      <Filter>src</Filter>
    </ClInclude>
    <ClInclude Include="src\shader.h">
      <Filter>src</Filter>
    </ClInclude>
    <ClInclude Include="src\platform_windows\platform_windows.h">
      <Filter>src\platform_windows</Filter>
    </ClInclude>
  </ItemGroup>
</Project>